
Microsoft Visual Studio Solution File, Format Version 12.00
# Visual Studio Version 17
VisualStudioVersion = 17.10.34916.146
MinimumVisualStudioVersion = 10.0.40219.1
Project("{9A19103F-16F7-4668-BE54-9A1E7A4F7556}") = "CodingExercises", "CodingExercises\CodingExercises.csproj", "{70B4DE7B-B905-430B-A2BD-9CC0377B8B30}"
EndProject
Project("{9A19103F-16F7-4668-BE54-9A1E7A4F7556}") = "LectureCode", "LectureCode\LectureCode.csproj", "{D8F397CD-EBE1-4125-B4DF-B50E25626F08}"
EndProject
Project("{FAE04EC0-301F-11D3-BF4B-00C04F79EFBC}") = "StarWarsPlanetStats", "StarWarsPlanetStats\StarWarsPlanetStats.csproj", "{9833F27E-E155-44B0-8A61-F93E21E5301A}"
EndProject
Global
	GlobalSection(SolutionConfigurationPlatforms) = preSolution
		Debug|Any CPU = Debug|Any CPU
		Release|Any CPU = Release|Any CPU
	EndGlobalSection
	GlobalSection(ProjectConfigurationPlatforms) = postSolution
		{70B4DE7B-B905-430B-A2BD-9CC0377B8B30}.Debug|Any CPU.ActiveCfg = Debug|Any CPU
		{70B4DE7B-B905-430B-A2BD-9CC0377B8B30}.Debug|Any CPU.Build.0 = Debug|Any CPU
		{70B4DE7B-B905-430B-A2BD-9CC0377B8B30}.Release|Any CPU.ActiveCfg = Release|Any CPU
		{70B4DE7B-B905-430B-A2BD-9CC0377B8B30}.Release|Any CPU.Build.0 = Release|Any CPU
		{D8F397CD-EBE1-4125-B4DF-B50E25626F08}.Debug|Any CPU.ActiveCfg = Debug|Any CPU
		{D8F397CD-EBE1-4125-B4DF-B50E25626F08}.Debug|Any CPU.Build.0 = Debug|Any CPU
		{D8F397CD-EBE1-4125-B4DF-B50E25626F08}.Release|Any CPU.ActiveCfg = Release|Any CPU
		{D8F397CD-EBE1-4125-B4DF-B50E25626F08}.Release|Any CPU.Build.0 = Release|Any CPU
		{9833F27E-E155-44B0-8A61-F93E21E5301A}.Debug|Any CPU.ActiveCfg = Debug|Any CPU
		{9833F27E-E155-44B0-8A61-F93E21E5301A}.Debug|Any CPU.Build.0 = Debug|Any CPU
		{9833F27E-E155-44B0-8A61-F93E21E5301A}.Release|Any CPU.ActiveCfg = Release|Any CPU
		{9833F27E-E155-44B0-8A61-F93E21E5301A}.Release|Any CPU.Build.0 = Release|Any CPU
	EndGlobalSection
	GlobalSection(SolutionProperties) = preSolution
		HideSolutionNode = FALSE
	EndGlobalSection
	GlobalSection(ExtensibilityGlobals) = postSolution
		SolutionGuid = {78072341-A55F-4781-A4B9-33A2A22011BB}
	EndGlobalSection
EndGlobal
